
Microsoft Visual Studio Solution File, Format Version 12.00
# Visual Studio Version 16
VisualStudioVersion = 16.0.29709.97
MinimumVisualStudioVersion = 10.0.40219.1
Project("{FAE04EC0-301F-11D3-BF4B-00C04F79EFBC}") = "WebApplication1", "WebApplication1\WebApplication1.csproj", "{215AC20D-D8CB-4CD4-ADC1-6441A19247BD}"
EndProject
Project("{9A19103F-16F7-4668-BE54-9A1E7A4F7556}") = "Dataccess", "Dataccess\Dataccess.csproj", "{1C3734F3-414F-4136-9963-229D2475473E}"
EndProject
Project("{9A19103F-16F7-4668-BE54-9A1E7A4F7556}") = "WpfApp", "WpfApp\WpfApp.csproj", "{6CABB4ED-EA91-4014-BE03-B0AD2A3A5540}"
EndProject
Project("{FAE04EC0-301F-11D3-BF4B-00C04F79EFBC}") = "ClientUI", "ClientUI\ClientUI.csproj", "{0AC2EAED-9D07-4A2C-BFE9-932FDCC8F472}"
EndProject
Global
	GlobalSection(SolutionConfigurationPlatforms) = preSolution
		Debug|Any CPU = Debug|Any CPU
		Release|Any CPU = Release|Any CPU
	EndGlobalSection
	GlobalSection(ProjectConfigurationPlatforms) = postSolution
		{215AC20D-D8CB-4CD4-ADC1-6441A19247BD}.Debug|Any CPU.ActiveCfg = Debug|Any CPU
		{215AC20D-D8CB-4CD4-ADC1-6441A19247BD}.Debug|Any CPU.Build.0 = Debug|Any CPU
		{215AC20D-D8CB-4CD4-ADC1-6441A19247BD}.Release|Any CPU.ActiveCfg = Release|Any CPU
		{215AC20D-D8CB-4CD4-ADC1-6441A19247BD}.Release|Any CPU.Build.0 = Release|Any CPU
		{1C3734F3-414F-4136-9963-229D2475473E}.Debug|Any CPU.ActiveCfg = Debug|Any CPU
		{1C3734F3-414F-4136-9963-229D2475473E}.Debug|Any CPU.Build.0 = Debug|Any CPU
		{1C3734F3-414F-4136-9963-229D2475473E}.Release|Any CPU.ActiveCfg = Release|Any CPU
		{1C3734F3-414F-4136-9963-229D2475473E}.Release|Any CPU.Build.0 = Release|Any CPU
		{6CABB4ED-EA91-4014-BE03-B0AD2A3A5540}.Debug|Any CPU.ActiveCfg = Debug|Any CPU
		{6CABB4ED-EA91-4014-BE03-B0AD2A3A5540}.Debug|Any CPU.Build.0 = Debug|Any CPU
		{6CABB4ED-EA91-4014-BE03-B0AD2A3A5540}.Release|Any CPU.ActiveCfg = Release|Any CPU
		{6CABB4ED-EA91-4014-BE03-B0AD2A3A5540}.Release|Any CPU.Build.0 = Release|Any CPU
		{0AC2EAED-9D07-4A2C-BFE9-932FDCC8F472}.Debug|Any CPU.ActiveCfg = Debug|Any CPU
		{0AC2EAED-9D07-4A2C-BFE9-932FDCC8F472}.Debug|Any CPU.Build.0 = Debug|Any CPU
		{0AC2EAED-9D07-4A2C-BFE9-932FDCC8F472}.Release|Any CPU.ActiveCfg = Release|Any CPU
		{0AC2EAED-9D07-4A2C-BFE9-932FDCC8F472}.Release|Any CPU.Build.0 = Release|Any CPU
	EndGlobalSection
	GlobalSection(SolutionProperties) = preSolution
		HideSolutionNode = FALSE
	EndGlobalSection
	GlobalSection(ExtensibilityGlobals) = postSolution
		SolutionGuid = {F419545C-A955-4479-A078-AC40BC4713C7}
	EndGlobalSection
EndGlobal
